
Microsoft Visual Studio Solution File, Format Version 12.00
# Visual Studio Version 16
VisualStudioVersion = 16.0.30804.86
MinimumVisualStudioVersion = 10.0.40219.1
Project("{2150E333-8FDC-42A3-9474-1A3956D46DE8}") = "Solution Items", "Solution Items", "{B87D1D8F-2CC6-4F10-A8C7-CF015F9471B0}"
	ProjectSection(SolutionItems) = preProject
		.editorconfig = .editorconfig
		.gitignore = .gitignore
		README.md = README.md
	EndProjectSection
EndProject
Project("{9A19103F-16F7-4668-BE54-9A1E7A4F7556}") = "OneSchedule.Abstraction", "OneSchedule.Abstraction\OneSchedule.Abstraction.csproj", "{A95C39E3-A8DD-478E-B8CF-4B8FF4492B65}"
EndProject
Project("{9A19103F-16F7-4668-BE54-9A1E7A4F7556}") = "OneSchedule.Entities", "OneSchedule.Entities\OneSchedule.Entities.csproj", "{F6C02FDD-8496-4C08-83A1-9528113F6BFE}"
EndProject
Project("{FAE04EC0-301F-11D3-BF4B-00C04F79EFBC}") = "OneSchedule.ViewModels", "OneSchedule.ViewModels\OneSchedule.ViewModels.csproj", "{008A727D-6A34-4C17-BF05-18EC739B15AE}"
EndProject
Project("{FAE04EC0-301F-11D3-BF4B-00C04F79EFBC}") = "OneSchedule.Settings", "OneSchedule.Profiles\OneSchedule.Settings.csproj", "{1C8C5102-4CCA-4393-AF17-C6A374216F3B}"
EndProject
Project("{FAE04EC0-301F-11D3-BF4B-00C04F79EFBC}") = "OneSchedule.DomainModels", "OneSchedule.DomainModels\OneSchedule.DomainModels.csproj", "{FB17F116-A6A4-4BE0-B85A-768CA25BEEDB}"
EndProject
Project("{FAE04EC0-301F-11D3-BF4B-00C04F79EFBC}") = "OneSchedule.DomainModels.Abstraction", "OneSchedule.DomainModels.Abstraction\OneSchedule.DomainModels.Abstraction.csproj", "{04EA9C95-BD38-4F1B-9078-88B2577940D2}"
EndProject
Project("{FAE04EC0-301F-11D3-BF4B-00C04F79EFBC}") = "OneSchedule.ViewModels.Abstraction", "OneSchedule.ViewModels.Abstraction\OneSchedule.ViewModels.Abstraction.csproj", "{8C4AE76D-9C4B-41D1-A501-1E4A6EACAAFC}"
EndProject
Project("{FAE04EC0-301F-11D3-BF4B-00C04F79EFBC}") = "OneSchedule.Entities.Abstraction", "OneSchedule.Entities.Abstraction\OneSchedule.Entities.Abstraction.csproj", "{9AF26FB9-4EC1-4C8D-BAA7-68186DCD0B2A}"
EndProject
Global
	GlobalSection(SolutionConfigurationPlatforms) = preSolution
		Debug|Any CPU = Debug|Any CPU
		Release|Any CPU = Release|Any CPU
	EndGlobalSection
	GlobalSection(ProjectConfigurationPlatforms) = postSolution
		{A95C39E3-A8DD-478E-B8CF-4B8FF4492B65}.Debug|Any CPU.ActiveCfg = Debug|Any CPU
		{A95C39E3-A8DD-478E-B8CF-4B8FF4492B65}.Debug|Any CPU.Build.0 = Debug|Any CPU
		{A95C39E3-A8DD-478E-B8CF-4B8FF4492B65}.Release|Any CPU.ActiveCfg = Release|Any CPU
		{A95C39E3-A8DD-478E-B8CF-4B8FF4492B65}.Release|Any CPU.Build.0 = Release|Any CPU
		{F6C02FDD-8496-4C08-83A1-9528113F6BFE}.Debug|Any CPU.ActiveCfg = Debug|Any CPU
		{F6C02FDD-8496-4C08-83A1-9528113F6BFE}.Debug|Any CPU.Build.0 = Debug|Any CPU
		{F6C02FDD-8496-4C08-83A1-9528113F6BFE}.Release|Any CPU.ActiveCfg = Release|Any CPU
		{F6C02FDD-8496-4C08-83A1-9528113F6BFE}.Release|Any CPU.Build.0 = Release|Any CPU
		{008A727D-6A34-4C17-BF05-18EC739B15AE}.Debug|Any CPU.ActiveCfg = Debug|Any CPU
		{008A727D-6A34-4C17-BF05-18EC739B15AE}.Debug|Any CPU.Build.0 = Debug|Any CPU
		{008A727D-6A34-4C17-BF05-18EC739B15AE}.Release|Any CPU.ActiveCfg = Release|Any CPU
		{008A727D-6A34-4C17-BF05-18EC739B15AE}.Release|Any CPU.Build.0 = Release|Any CPU
		{1C8C5102-4CCA-4393-AF17-C6A374216F3B}.Debug|Any CPU.ActiveCfg = Debug|Any CPU
		{1C8C5102-4CCA-4393-AF17-C6A374216F3B}.Debug|Any CPU.Build.0 = Debug|Any CPU
		{1C8C5102-4CCA-4393-AF17-C6A374216F3B}.Release|Any CPU.ActiveCfg = Release|Any CPU
		{1C8C5102-4CCA-4393-AF17-C6A374216F3B}.Release|Any CPU.Build.0 = Release|Any CPU
		{FB17F116-A6A4-4BE0-B85A-768CA25BEEDB}.Debug|Any CPU.ActiveCfg = Debug|Any CPU
		{FB17F116-A6A4-4BE0-B85A-768CA25BEEDB}.Debug|Any CPU.Build.0 = Debug|Any CPU
		{FB17F116-A6A4-4BE0-B85A-768CA25BEEDB}.Release|Any CPU.ActiveCfg = Release|Any CPU
		{FB17F116-A6A4-4BE0-B85A-768CA25BEEDB}.Release|Any CPU.Build.0 = Release|Any CPU
		{04EA9C95-BD38-4F1B-9078-88B2577940D2}.Debug|Any CPU.ActiveCfg = Debug|Any CPU
		{04EA9C95-BD38-4F1B-9078-88B2577940D2}.Debug|Any CPU.Build.0 = Debug|Any CPU
		{04EA9C95-BD38-4F1B-9078-88B2577940D2}.Release|Any CPU.ActiveCfg = Release|Any CPU
		{04EA9C95-BD38-4F1B-9078-88B2577940D2}.Release|Any CPU.Build.0 = Release|Any CPU
		{8C4AE76D-9C4B-41D1-A501-1E4A6EACAAFC}.Debug|Any CPU.ActiveCfg = Debug|Any CPU
		{8C4AE76D-9C4B-41D1-A501-1E4A6EACAAFC}.Debug|Any CPU.Build.0 = Debug|Any CPU
		{8C4AE76D-9C4B-41D1-A501-1E4A6EACAAFC}.Release|Any CPU.ActiveCfg = Release|Any CPU
		{8C4AE76D-9C4B-41D1-A501-1E4A6EACAAFC}.Release|Any CPU.Build.0 = Release|Any CPU
		{9AF26FB9-4EC1-4C8D-BAA7-68186DCD0B2A}.Debug|Any CPU.ActiveCfg = Debug|Any CPU
		{9AF26FB9-4EC1-4C8D-BAA7-68186DCD0B2A}.Debug|Any CPU.Build.0 = Debug|Any CPU
		{9AF26FB9-4EC1-4C8D-BAA7-68186DCD0B2A}.Release|Any CPU.ActiveCfg = Release|Any CPU
		{9AF26FB9-4EC1-4C8D-BAA7-68186DCD0B2A}.Release|Any CPU.Build.0 = Release|Any CPU
	EndGlobalSection
	GlobalSection(SolutionProperties) = preSolution
		HideSolutionNode = FALSE
	EndGlobalSection
	GlobalSection(ExtensibilityGlobals) = postSolution
		SolutionGuid = {84A68F32-4FA9-4445-BF92-274E7047F511}
	EndGlobalSection
EndGlobal
