
Microsoft Visual Studio Solution File, Format Version 12.00
# Visual Studio Version 16
VisualStudioVersion = 16.0.30804.86
MinimumVisualStudioVersion = 10.0.40219.1
Project("{2150E333-8FDC-42A3-9474-1A3956D46DE8}") = "Solution Items", "Solution Items", "{B87D1D8F-2CC6-4F10-A8C7-CF015F9471B0}"
	ProjectSection(SolutionItems) = preProject
		.editorconfig = .editorconfig
		.gitignore = .gitignore
		README.md = README.md
	EndProjectSection
EndProject
Project("{9A19103F-16F7-4668-BE54-9A1E7A4F7556}") = "OneSchedule.Entities", "OneSchedule.Entities\OneSchedule.Entities.csproj", "{F6C02FDD-8496-4C08-83A1-9528113F6BFE}"
EndProject
Project("{9A19103F-16F7-4668-BE54-9A1E7A4F7556}") = "OneSchedule.ViewModels", "OneSchedule.ViewModels\OneSchedule.ViewModels.csproj", "{008A727D-6A34-4C17-BF05-18EC739B15AE}"
EndProject
Project("{9A19103F-16F7-4668-BE54-9A1E7A4F7556}") = "OneSchedule.Domain.Abstractions", "OneSchedule.Domain.Abstractions\OneSchedule.Domain.Abstractions.csproj", "{D426D310-AC53-4F0A-8F49-3127B3EA446E}"
EndProject
Project("{9A19103F-16F7-4668-BE54-9A1E7A4F7556}") = "OneSchedule.Settings", "OneSchedule.Settings\OneSchedule.Settings.csproj", "{C2944983-0BE0-4BEA-A5B0-AC9931FE638D}"
EndProject
Project("{9A19103F-16F7-4668-BE54-9A1E7A4F7556}") = "OneSchedule.Domain.Models", "OneSchedule.Domain.Models\OneSchedule.Domain.Models.csproj", "{86437D30-4E29-4B9E-9405-31F54895FEEB}"
EndProject
Project("{9A19103F-16F7-4668-BE54-9A1E7A4F7556}") = "OneSchedule.Data.Abstractions", "OneSchedule.Data.Abstractions\OneSchedule.Data.Abstractions.csproj", "{BE9A649D-119D-4F30-AA7B-7F2508EC9EF2}"
EndProject
Project("{9A19103F-16F7-4668-BE54-9A1E7A4F7556}") = "OneSchedule.Tests", "OneSchedule.Tests\OneSchedule.Tests.csproj", "{A5C9937D-1986-426C-997F-608A60C9C632}"
EndProject
Project("{9A19103F-16F7-4668-BE54-9A1E7A4F7556}") = "OneSchedule", "OneSchedule\OneSchedule.csproj", "{4F3B9868-B0B3-4F3E-BEE7-D7FC31C102DB}"
EndProject
Project("{9A19103F-16F7-4668-BE54-9A1E7A4F7556}") = "OneSchedule.Services", "OneSchedule.Services\OneSchedule.Services.csproj", "{5CD21472-92D4-4382-9C5D-9CE0C109C043}"
EndProject
Project("{9A19103F-16F7-4668-BE54-9A1E7A4F7556}") = "OneSchedule.Mongodb", "OneSchedule.Mongo\OneSchedule.Mongodb.csproj", "{85DDCD01-7131-4C14-B03A-E64BB0BE2D3F}"
EndProject
Project("{9A19103F-16F7-4668-BE54-9A1E7A4F7556}") = "OneSchedule.Helpers", "OneSchedule.Helpers\OneSchedule.Helpers.csproj", "{35673859-F35B-4559-96AF-61DC7A9FF37F}"
EndProject
Project("{9A19103F-16F7-4668-BE54-9A1E7A4F7556}") = "OneSchedule.Attributes", "OneSchedule.Attributes\OneSchedule.Attributes.csproj", "{0A9F8128-5395-4BD0-BD07-72D52E9A247E}"
EndProject
Global
	GlobalSection(SolutionConfigurationPlatforms) = preSolution
		Debug|Any CPU = Debug|Any CPU
		Release|Any CPU = Release|Any CPU
	EndGlobalSection
	GlobalSection(ProjectConfigurationPlatforms) = postSolution
		{F6C02FDD-8496-4C08-83A1-9528113F6BFE}.Debug|Any CPU.ActiveCfg = Debug|Any CPU
		{F6C02FDD-8496-4C08-83A1-9528113F6BFE}.Debug|Any CPU.Build.0 = Debug|Any CPU
		{F6C02FDD-8496-4C08-83A1-9528113F6BFE}.Release|Any CPU.ActiveCfg = Release|Any CPU
		{008A727D-6A34-4C17-BF05-18EC739B15AE}.Debug|Any CPU.ActiveCfg = Debug|Any CPU
		{008A727D-6A34-4C17-BF05-18EC739B15AE}.Debug|Any CPU.Build.0 = Debug|Any CPU
		{008A727D-6A34-4C17-BF05-18EC739B15AE}.Release|Any CPU.ActiveCfg = Release|Any CPU
		{D426D310-AC53-4F0A-8F49-3127B3EA446E}.Debug|Any CPU.ActiveCfg = Debug|Any CPU
		{D426D310-AC53-4F0A-8F49-3127B3EA446E}.Debug|Any CPU.Build.0 = Debug|Any CPU
		{D426D310-AC53-4F0A-8F49-3127B3EA446E}.Release|Any CPU.ActiveCfg = Release|Any CPU
		{C2944983-0BE0-4BEA-A5B0-AC9931FE638D}.Debug|Any CPU.ActiveCfg = Debug|Any CPU
		{C2944983-0BE0-4BEA-A5B0-AC9931FE638D}.Debug|Any CPU.Build.0 = Debug|Any CPU
		{C2944983-0BE0-4BEA-A5B0-AC9931FE638D}.Release|Any CPU.ActiveCfg = Release|Any CPU
		{86437D30-4E29-4B9E-9405-31F54895FEEB}.Debug|Any CPU.ActiveCfg = Debug|Any CPU
		{86437D30-4E29-4B9E-9405-31F54895FEEB}.Debug|Any CPU.Build.0 = Debug|Any CPU
		{86437D30-4E29-4B9E-9405-31F54895FEEB}.Release|Any CPU.ActiveCfg = Release|Any CPU
		{BE9A649D-119D-4F30-AA7B-7F2508EC9EF2}.Debug|Any CPU.ActiveCfg = Debug|Any CPU
		{BE9A649D-119D-4F30-AA7B-7F2508EC9EF2}.Debug|Any CPU.Build.0 = Debug|Any CPU
		{BE9A649D-119D-4F30-AA7B-7F2508EC9EF2}.Release|Any CPU.ActiveCfg = Release|Any CPU
		{A5C9937D-1986-426C-997F-608A60C9C632}.Debug|Any CPU.ActiveCfg = Debug|Any CPU
		{A5C9937D-1986-426C-997F-608A60C9C632}.Debug|Any CPU.Build.0 = Debug|Any CPU
		{A5C9937D-1986-426C-997F-608A60C9C632}.Release|Any CPU.ActiveCfg = Release|Any CPU
		{A5C9937D-1986-426C-997F-608A60C9C632}.Release|Any CPU.Build.0 = Release|Any CPU
		{4F3B9868-B0B3-4F3E-BEE7-D7FC31C102DB}.Debug|Any CPU.ActiveCfg = Debug|Any CPU
		{4F3B9868-B0B3-4F3E-BEE7-D7FC31C102DB}.Debug|Any CPU.Build.0 = Debug|Any CPU
		{4F3B9868-B0B3-4F3E-BEE7-D7FC31C102DB}.Release|Any CPU.ActiveCfg = Release|Any CPU
		{4F3B9868-B0B3-4F3E-BEE7-D7FC31C102DB}.Release|Any CPU.Build.0 = Release|Any CPU
		{5CD21472-92D4-4382-9C5D-9CE0C109C043}.Debug|Any CPU.ActiveCfg = Debug|Any CPU
		{5CD21472-92D4-4382-9C5D-9CE0C109C043}.Debug|Any CPU.Build.0 = Debug|Any CPU
		{5CD21472-92D4-4382-9C5D-9CE0C109C043}.Release|Any CPU.ActiveCfg = Release|Any CPU
		{5CD21472-92D4-4382-9C5D-9CE0C109C043}.Release|Any CPU.Build.0 = Release|Any CPU
		{85DDCD01-7131-4C14-B03A-E64BB0BE2D3F}.Debug|Any CPU.ActiveCfg = Debug|Any CPU
		{85DDCD01-7131-4C14-B03A-E64BB0BE2D3F}.Debug|Any CPU.Build.0 = Debug|Any CPU
		{85DDCD01-7131-4C14-B03A-E64BB0BE2D3F}.Release|Any CPU.ActiveCfg = Release|Any CPU
		{85DDCD01-7131-4C14-B03A-E64BB0BE2D3F}.Release|Any CPU.Build.0 = Release|Any CPU
		{35673859-F35B-4559-96AF-61DC7A9FF37F}.Debug|Any CPU.ActiveCfg = Debug|Any CPU
		{35673859-F35B-4559-96AF-61DC7A9FF37F}.Debug|Any CPU.Build.0 = Debug|Any CPU
		{35673859-F35B-4559-96AF-61DC7A9FF37F}.Release|Any CPU.ActiveCfg = Release|Any CPU
		{35673859-F35B-4559-96AF-61DC7A9FF37F}.Release|Any CPU.Build.0 = Release|Any CPU
		{0A9F8128-5395-4BD0-BD07-72D52E9A247E}.Debug|Any CPU.ActiveCfg = Debug|Any CPU
		{0A9F8128-5395-4BD0-BD07-72D52E9A247E}.Debug|Any CPU.Build.0 = Debug|Any CPU
		{0A9F8128-5395-4BD0-BD07-72D52E9A247E}.Release|Any CPU.ActiveCfg = Release|Any CPU
		{0A9F8128-5395-4BD0-BD07-72D52E9A247E}.Release|Any CPU.Build.0 = Release|Any CPU
	EndGlobalSection
	GlobalSection(SolutionProperties) = preSolution
		HideSolutionNode = FALSE
	EndGlobalSection
	GlobalSection(ExtensibilityGlobals) = postSolution
		SolutionGuid = {84A68F32-4FA9-4445-BF92-274E7047F511}
	EndGlobalSection
EndGlobal
